
Microsoft Visual Studio Solution File, Format Version 12.00
# Visual Studio Version 16
VisualStudioVersion = 16.0.30711.63
MinimumVisualStudioVersion = 10.0.40219.1
Project("{9A19103F-16F7-4668-BE54-9A1E7A4F7556}") = "web", "web.csproj", "{DA94EA41-5043-4860-BCF1-5112ED9F2C31}"
EndProject
Project("{FAE04EC0-301F-11D3-BF4B-00C04F79EFBC}") = "Tests", "..\Tests\Tests.csproj", "{6D3EE680-AEA1-43B3-9D12-219793A22E1D}"
EndProject
Global
	GlobalSection(SolutionConfigurationPlatforms) = preSolution
		Debug|Any CPU = Debug|Any CPU
		Release|Any CPU = Release|Any CPU
	EndGlobalSection
	GlobalSection(ProjectConfigurationPlatforms) = postSolution
		{DA94EA41-5043-4860-BCF1-5112ED9F2C31}.Debug|Any CPU.ActiveCfg = Debug|Any CPU
		{DA94EA41-5043-4860-BCF1-5112ED9F2C31}.Debug|Any CPU.Build.0 = Debug|Any CPU
		{DA94EA41-5043-4860-BCF1-5112ED9F2C31}.Release|Any CPU.ActiveCfg = Release|Any CPU
		{DA94EA41-5043-4860-BCF1-5112ED9F2C31}.Release|Any CPU.Build.0 = Release|Any CPU
		{6D3EE680-AEA1-43B3-9D12-219793A22E1D}.Debug|Any CPU.ActiveCfg = Debug|Any CPU
		{6D3EE680-AEA1-43B3-9D12-219793A22E1D}.Debug|Any CPU.Build.0 = Debug|Any CPU
		{6D3EE680-AEA1-43B3-9D12-219793A22E1D}.Release|Any CPU.ActiveCfg = Release|Any CPU
		{6D3EE680-AEA1-43B3-9D12-219793A22E1D}.Release|Any CPU.Build.0 = Release|Any CPU
	EndGlobalSection
	GlobalSection(SolutionProperties) = preSolution
		HideSolutionNode = FALSE
	EndGlobalSection
	GlobalSection(ExtensibilityGlobals) = postSolution
		SolutionGuid = {286EBD22-B4BA-469B-A411-81A74355F33C}
	EndGlobalSection
EndGlobal
